{
  "name": "disposable-email-bot-aws",
  "version": "1.0.0",
  "lockfileVersion": 1,
  "requires": true,
  "dependencies": {
    "@types/chai": {
      "version": "4.2.12",
      "resolved": "https://registry.npmjs.org/@types/chai/-/chai-4.2.12.tgz",
      "integrity": "sha512-aN5IAC8QNtSUdQzxu7lGBgYAOuU1tmRU4c9dIq5OKGf/SBVjXo+ffM2wEjudAWbgpOhy60nLoAGH1xm8fpCKFQ=="
    },
    "@types/mocha": {
      "version": "5.2.7",
      "resolved": "https://registry.npmjs.org/@types/mocha/-/mocha-5.2.7.tgz",
      "integrity": "sha512-NYrtPht0wGzhwe9+/idPaBB+TqkY9AhTvOLMkThm0IoEfLaiVQZwBwyJ5puCkO3AUCWrmcoePjp2mbFocKy4SQ=="
    },
    "utils": {
      "version": "github:cloudconformity/utils#873901ffeb639b2fd766d19125c1a4af1776e73c",
      "from": "github:cloudconformity/utils#v1.2.0",
      "requires": {
        "@types/chai": "^4.1.7",
        "@types/mocha": "^5.2.6"
      }
    }
  }
}
